// !$*UTF8*$!
{
	archiveVersion = 1;
	classes = {
	};
	objectVersion = 56;
	objects = {

/* Begin PBXBuildFile section */
		A210B54B2A41F31F00F2601A /* TrekkerApp.swift in Sources */ = {isa = PBXBuildFile; fileRef = A210B54A2A41F31F00F2601A /* TrekkerApp.swift */; };
		A210B54D2A41F31F00F2601A /* ContentView.swift in Sources */ = {isa = PBXBuildFile; fileRef = A210B54C2A41F31F00F2601A /* ContentView.swift */; };
		A210B54F2A41F32100F2601A /* Assets.xcassets in Resources */ = {isa = PBXBuildFile; fileRef = A210B54E2A41F32100F2601A /* Assets.xcassets */; };
		A210B5532A41F32100F2601A /* Preview Assets.xcassets in Resources */ = {isa = PBXBuildFile; fileRef = A210B5522A41F32100F2601A /* Preview Assets.xcassets */; };
		A210B55B2A41F72200F2601A /* tips.json in Resources */ = {isa = PBXBuildFile; fileRef = A210B5592A41F72200F2601A /* tips.json */; };
		A210B55C2A41F72200F2601A /* locations.json in Resources */ = {isa = PBXBuildFile; fileRef = A210B55A2A41F72200F2601A /* locations.json */; };
		A210B55E2A42063800F2601A /* Location.swift in Sources */ = {isa = PBXBuildFile; fileRef = A210B55D2A42063800F2601A /* Location.swift */; };
		A210B5602A420AAF00F2601A /* Locations.swift in Sources */ = {isa = PBXBuildFile; fileRef = A210B55F2A420AAF00F2601A /* Locations.swift */; };
		A210B5622A4210C100F2601A /* WorldView.swift in Sources */ = {isa = PBXBuildFile; fileRef = A210B5612A4210C100F2601A /* WorldView.swift */; };
		A210B5642A421FF700F2601A /* Tip.swift in Sources */ = {isa = PBXBuildFile; fileRef = A210B5632A421FF700F2601A /* Tip.swift */; };
		A210B5662A42209D00F2601A /* TipsView.swift in Sources */ = {isa = PBXBuildFile; fileRef = A210B5652A42209D00F2601A /* TipsView.swift */; };
/* End PBXBuildFile section */

/* Begin PBXFileReference section */
		A210B5472A41F31F00F2601A /* Trekker.app */ = {isa = PBXFileReference; explicitFileType = wrapper.application; includeInIndex = 0; path = Trekker.app; sourceTree = BUILT_PRODUCTS_DIR; };
		A210B54A2A41F31F00F2601A /* TrekkerApp.swift */ = {isa = PBXFileReference; lastKnownFileType = sourcecode.swift; path = TrekkerApp.swift; sourceTree = "<group>"; };
		A210B54C2A41F31F00F2601A /* ContentView.swift */ = {isa = PBXFileReference; lastKnownFileType = sourcecode.swift; path = ContentView.swift; sourceTree = "<group>"; };
		A210B54E2A41F32100F2601A /* Assets.xcassets */ = {isa = PBXFileReference; lastKnownFileType = folder.assetcatalog; path = Assets.xcassets; sourceTree = "<group>"; };
		A210B5502A41F32100F2601A /* Trekker.entitlements */ = {isa = PBXFileReference; lastKnownFileType = text.plist.entitlements; path = Trekker.entitlements; sourceTree = "<group>"; };
		A210B5522A41F32100F2601A /* Preview Assets.xcassets */ = {isa = PBXFileReference; lastKnownFileType = folder.assetcatalog; path = "Preview Assets.xcassets"; sourceTree = "<group>"; };
		A210B5592A41F72200F2601A /* tips.json */ = {isa = PBXFileReference; fileEncoding = 4; lastKnownFileType = text.json; path = tips.json; sourceTree = "<group>"; };
		A210B55A2A41F72200F2601A /* locations.json */ = {isa = PBXFileReference; fileEncoding = 4; lastKnownFileType = text.json; path = locations.json; sourceTree = "<group>"; };
		A210B55D2A42063800F2601A /* Location.swift */ = {isa = PBXFileReference; lastKnownFileType = sourcecode.swift; path = Location.swift; sourceTree = "<group>"; };
		A210B55F2A420AAF00F2601A /* Locations.swift */ = {isa = PBXFileReference; lastKnownFileType = sourcecode.swift; path = Locations.swift; sourceTree = "<group>"; };
		A210B5612A4210C100F2601A /* WorldView.swift */ = {isa = PBXFileReference; lastKnownFileType = sourcecode.swift; path = WorldView.swift; sourceTree = "<group>"; };
		A210B5632A421FF700F2601A /* Tip.swift */ = {isa = PBXFileReference; lastKnownFileType = sourcecode.swift; path = Tip.swift; sourceTree = "<group>"; };
		A210B5652A42209D00F2601A /* TipsView.swift */ = {isa = PBXFileReference; lastKnownFileType = sourcecode.swift; path = TipsView.swift; sourceTree = "<group>"; };
/* End PBXFileReference section */

/* Begin PBXFrameworksBuildPhase section */
		A210B5442A41F31F00F2601A /* Frameworks */ = {
			isa = PBXFrameworksBuildPhase;
			buildActionMask = 2147483647;
			files = (
			);
			runOnlyForDeploymentPostprocessing = 0;
		};
/* End PBXFrameworksBuildPhase section */

/* Begin PBXGroup section */
		A210B53E2A41F31F00F2601A = {
			isa = PBXGroup;
			children = (
				A210B5492A41F31F00F2601A /* Trekker */,
				A210B5482A41F31F00F2601A /* Products */,
			);
			sourceTree = "<group>";
		};
		A210B5482A41F31F00F2601A /* Products */ = {
			isa = PBXGroup;
			children = (
				A210B5472A41F31F00F2601A /* Trekker.app */,
			);
			name = Products;
			sourceTree = "<group>";
		};
		A210B5492A41F31F00F2601A /* Trekker */ = {
			isa = PBXGroup;
			children = (
				A210B54A2A41F31F00F2601A /* TrekkerApp.swift */,
				A210B5612A4210C100F2601A /* WorldView.swift */,
				A210B5632A421FF700F2601A /* Tip.swift */,
				A210B5652A42209D00F2601A /* TipsView.swift */,
				A210B54C2A41F31F00F2601A /* ContentView.swift */,
				A210B55F2A420AAF00F2601A /* Locations.swift */,
				A210B55D2A42063800F2601A /* Location.swift */,
				A210B54E2A41F32100F2601A /* Assets.xcassets */,
				A210B5502A41F32100F2601A /* Trekker.entitlements */,
				A210B5512A41F32100F2601A /* Preview Content */,
			);
			path = Trekker;
			sourceTree = "<group>";
		};
		A210B5512A41F32100F2601A /* Preview Content */ = {
			isa = PBXGroup;
			children = (
				A210B55A2A41F72200F2601A /* locations.json */,
				A210B5592A41F72200F2601A /* tips.json */,
				A210B5522A41F32100F2601A /* Preview Assets.xcassets */,
			);
			path = "Preview Content";
			sourceTree = "<group>";
		};
/* End PBXGroup section */

/* Begin PBXNativeTarget section */
		A210B5462A41F31F00F2601A /* Trekker */ = {
			isa = PBXNativeTarget;
			buildConfigurationList = A210B5562A41F32100F2601A /* Build configuration list for PBXNativeTarget "Trekker" */;
			buildPhases = (
				A210B5432A41F31F00F2601A /* Sources */,
				A210B5442A41F31F00F2601A /* Frameworks */,
				A210B5452A41F31F00F2601A /* Resources */,
			);
			buildRules = (
			);
			dependencies = (
			);
			name = Trekker;
			productName = Trekker;
			productReference = A210B5472A41F31F00F2601A /* Trekker.app */;
			productType = "com.apple.product-type.application";
		};
/* End PBXNativeTarget section */

/* Begin PBXProject section */
		A210B53F2A41F31F00F2601A /* Project object */ = {
			isa = PBXProject;
			attributes = {
				BuildIndependentTargetsInParallel = 1;
				LastSwiftUpdateCheck = 1430;
				LastUpgradeCheck = 1430;
				TargetAttributes = {
					A210B5462A41F31F00F2601A = {
						CreatedOnToolsVersion = 14.3.1;
					};
				};
			};
			buildConfigurationList = A210B5422A41F31F00F2601A /* Build configuration list for PBXProject "Trekker" */;
			compatibilityVersion = "Xcode 14.0";
			developmentRegion = en;
			hasScannedForEncodings = 0;
			knownRegions = (
				en,
				Base,
			);
			mainGroup = A210B53E2A41F31F00F2601A;
			productRefGroup = A210B5482A41F31F00F2601A /* Products */;
			projectDirPath = "";
			projectRoot = "";
			targets = (
				A210B5462A41F31F00F2601A /* Trekker */,
			);
		};
/* End PBXProject section */

/* Begin PBXResourcesBuildPhase section */
		A210B5452A41F31F00F2601A /* Resources */ = {
			isa = PBXResourcesBuildPhase;
			buildActionMask = 2147483647;
			files = (
				A210B5532A41F32100F2601A /* Preview Assets.xcassets in Resources */,
				A210B54F2A41F32100F2601A /* Assets.xcassets in Resources */,
				A210B55C2A41F72200F2601A /* locations.json in Resources */,
				A210B55B2A41F72200F2601A /* tips.json in Resources */,
			);
			runOnlyForDeploymentPostprocessing = 0;
		};
/* End PBXResourcesBuildPhase section */

/* Begin PBXSourcesBuildPhase section */
		A210B5432A41F31F00F2601A /* Sources */ = {
			isa = PBXSourcesBuildPhase;
			buildActionMask = 2147483647;
			files = (
				A210B55E2A42063800F2601A /* Location.swift in Sources */,
				A210B54D2A41F31F00F2601A /* ContentView.swift in Sources */,
				A210B5622A4210C100F2601A /* WorldView.swift in Sources */,
				A210B5642A421FF700F2601A /* Tip.swift in Sources */,
				A210B5662A42209D00F2601A /* TipsView.swift in Sources */,
				A210B5602A420AAF00F2601A /* Locations.swift in Sources */,
				A210B54B2A41F31F00F2601A /* TrekkerApp.swift in Sources */,
			);
			runOnlyForDeploymentPostprocessing = 0;
		};
/* End PBXSourcesBuildPhase section */

/* Begin XCBuildConfiguration section */
		A210B5542A41F32100F2601A /* Debug */ = {
			isa = XCBuildConfiguration;
			buildSettings = {
				ALWAYS_SEARCH_USER_PATHS = NO;
				CLANG_ANALYZER_NONNULL = YES;
				CLANG_ANALYZER_NUMBER_OBJECT_CONVERSION = YES_AGGRESSIVE;
				CLANG_CXX_LANGUAGE_STANDARD = "gnu++20";
				CLANG_ENABLE_MODULES = YES;
				CLANG_ENABLE_OBJC_ARC = YES;
				CLANG_ENABLE_OBJC_WEAK = YES;
				CLANG_WARN_BLOCK_CAPTURE_AUTORELEASING = YES;
				CLANG_WARN_BOOL_CONVERSION = YES;
				CLANG_WARN_COMMA = YES;
				CLANG_WARN_CONSTANT_CONVERSION = YES;
				CLANG_WARN_DEPRECATED_OBJC_IMPLEMENTATIONS = YES;
				CLANG_WARN_DIRECT_OBJC_ISA_USAGE = YES_ERROR;
				CLANG_WARN_DOCUMENTATION_COMMENTS = YES;
				CLANG_WARN_EMPTY_BODY = YES;
				CLANG_WARN_ENUM_CONVERSION = YES;
				CLANG_WARN_INFINITE_RECURSION = YES;
				CLANG_WARN_INT_CONVERSION = YES;
				CLANG_WARN_NON_LITERAL_NULL_CONVERSION = YES;
				CLANG_WARN_OBJC_IMPLICIT_RETAIN_SELF = YES;
				CLANG_WARN_OBJC_LITERAL_CONVERSION = YES;
				CLANG_WARN_OBJC_ROOT_CLASS = YES_ERROR;
				CLANG_WARN_QUOTED_INCLUDE_IN_FRAMEWORK_HEADER = YES;
				CLANG_WARN_RANGE_LOOP_ANALYSIS = YES;
				CLANG_WARN_STRICT_PROTOTYPES = YES;
				CLANG_WARN_SUSPICIOUS_MOVE = YES;
				CLANG_WARN_UNGUARDED_AVAILABILITY = YES_AGGRESSIVE;
				CLANG_WARN_UNREACHABLE_CODE = YES;
				CLANG_WARN__DUPLICATE_METHOD_MATCH = YES;
				COPY_PHASE_STRIP = NO;
				DEBUG_INFORMATION_FORMAT = dwarf;
				ENABLE_STRICT_OBJC_MSGSEND = YES;
				ENABLE_TESTABILITY = YES;
				GCC_C_LANGUAGE_STANDARD = gnu11;
				GCC_DYNAMIC_NO_PIC = NO;
				GCC_NO_COMMON_BLOCKS = YES;
				GCC_OPTIMIZATION_LEVEL = 0;
				GCC_PREPROCESSOR_DEFINITIONS = (
					"DEBUG=1",
					"$(inherited)",
				);
				GCC_WARN_64_TO_32_BIT_CONVERSION = YES;
				GCC_WARN_ABOUT_RETURN_TYPE = YES_ERROR;
				GCC_WARN_UNDECLARED_SELECTOR = YES;
				GCC_WARN_UNINITIALIZED_AUTOS = YES_AGGRESSIVE;
				GCC_WARN_UNUSED_FUNCTION = YES;
				GCC_WARN_UNUSED_VARIABLE = YES;
				MTL_ENABLE_DEBUG_INFO = INCLUDE_SOURCE;
				MTL_FAST_MATH = YES;
				ONLY_ACTIVE_ARCH = YES;
				SWIFT_ACTIVE_COMPILATION_CONDITIONS = DEBUG;
				SWIFT_OPTIMIZATION_LEVEL = "-Onone";
			};
			name = Debug;
		};
		A210B5552A41F32100F2601A /* Release */ = {
			isa = XCBuildConfiguration;
			buildSettings = {
				ALWAYS_SEARCH_USER_PATHS = NO;
				CLANG_ANALYZER_NONNULL = YES;
				CLANG_ANALYZER_NUMBER_OBJECT_CONVERSION = YES_AGGRESSIVE;
				CLANG_CXX_LANGUAGE_STANDARD = "gnu++20";
				CLANG_ENABLE_MODULES = YES;
				CLANG_ENABLE_OBJC_ARC = YES;
				CLANG_ENABLE_OBJC_WEAK = YES;
				CLANG_WARN_BLOCK_CAPTURE_AUTORELEASING = YES;
				CLANG_WARN_BOOL_CONVERSION = YES;
				CLANG_WARN_COMMA = YES;
				CLANG_WARN_CONSTANT_CONVERSION = YES;
				CLANG_WARN_DEPRECATED_OBJC_IMPLEMENTATIONS = YES;
				CLANG_WARN_DIRECT_OBJC_ISA_USAGE = YES_ERROR;
				CLANG_WARN_DOCUMENTATION_COMMENTS = YES;
				CLANG_WARN_EMPTY_BODY = YES;
				CLANG_WARN_ENUM_CONVERSION = YES;
				CLANG_WARN_INFINITE_RECURSION = YES;
				CLANG_WARN_INT_CONVERSION = YES;
				CLANG_WARN_NON_LITERAL_NULL_CONVERSION = YES;
				CLANG_WARN_OBJC_IMPLICIT_RETAIN_SELF = YES;
				CLANG_WARN_OBJC_LITERAL_CONVERSION = YES;
				CLANG_WARN_OBJC_ROOT_CLASS = YES_ERROR;
				CLANG_WARN_QUOTED_INCLUDE_IN_FRAMEWORK_HEADER = YES;
				CLANG_WARN_RANGE_LOOP_ANALYSIS = YES;
				CLANG_WARN_STRICT_PROTOTYPES = YES;
				CLANG_WARN_SUSPICIOUS_MOVE = YES;
				CLANG_WARN_UNGUARDED_AVAILABILITY = YES_AGGRESSIVE;
				CLANG_WARN_UNREACHABLE_CODE = YES;
				CLANG_WARN__DUPLICATE_METHOD_MATCH = YES;
				COPY_PHASE_STRIP = NO;
				DEBUG_INFORMATION_FORMAT = "dwarf-with-dsym";
				ENABLE_NS_ASSERTIONS = NO;
				ENABLE_STRICT_OBJC_MSGSEND = YES;
				GCC_C_LANGUAGE_STANDARD = gnu11;
				GCC_NO_COMMON_BLOCKS = YES;
				GCC_WARN_64_TO_32_BIT_CONVERSION = YES;
				GCC_WARN_ABOUT_RETURN_TYPE = YES_ERROR;
				GCC_WARN_UNDECLARED_SELECTOR = YES;
				GCC_WARN_UNINITIALIZED_AUTOS = YES_AGGRESSIVE;
				GCC_WARN_UNUSED_FUNCTION = YES;
				GCC_WARN_UNUSED_VARIABLE = YES;
				MTL_ENABLE_DEBUG_INFO = NO;
				MTL_FAST_MATH = YES;
				SWIFT_COMPILATION_MODE = wholemodule;
				SWIFT_OPTIMIZATION_LEVEL = "-O";
			};
			name = Release;
		};
		A210B5572A41F32100F2601A /* Debug */ = {
			isa = XCBuildConfiguration;
			buildSettings = {
				ASSETCATALOG_COMPILER_APPICON_NAME = AppIcon;
				ASSETCATALOG_COMPILER_GLOBAL_ACCENT_COLOR_NAME = AccentColor;
				CODE_SIGN_ENTITLEMENTS = Trekker/Trekker.entitlements;
				CODE_SIGN_STYLE = Automatic;
				CURRENT_PROJECT_VERSION = 1;
				DEVELOPMENT_ASSET_PATHS = "\"Trekker/Preview Content\"";
				DEVELOPMENT_TEAM = PR35N25U7U;
				ENABLE_HARDENED_RUNTIME = YES;
				ENABLE_PREVIEWS = YES;
				GENERATE_INFOPLIST_FILE = YES;
				"INFOPLIST_KEY_UIApplicationSceneManifest_Generation[sdk=iphoneos*]" = YES;
				"INFOPLIST_KEY_UIApplicationSceneManifest_Generation[sdk=iphonesimulator*]" = YES;
				"INFOPLIST_KEY_UIApplicationSupportsIndirectInputEvents[sdk=iphoneos*]" = YES;
				"INFOPLIST_KEY_UIApplicationSupportsIndirectInputEvents[sdk=iphonesimulator*]" = YES;
				"INFOPLIST_KEY_UILaunchScreen_Generation[sdk=iphoneos*]" = YES;
				"INFOPLIST_KEY_UILaunchScreen_Generation[sdk=iphonesimulator*]" = YES;
				"INFOPLIST_KEY_UIStatusBarStyle[sdk=iphoneos*]" = UIStatusBarStyleDefault;
				"INFOPLIST_KEY_UIStatusBarStyle[sdk=iphonesimulator*]" = UIStatusBarStyleDefault;
				INFOPLIST_KEY_UISupportedInterfaceOrientations_iPad = "UIInterfaceOrientationPortrait UIInterfaceOrientationPortraitUpsideDown UIInterfaceOrientationLandscapeLeft UIInterfaceOrientationLandscapeRight";
				INFOPLIST_KEY_UISupportedInterfaceOrientations_iPhone = "UIInterfaceOrientationPortrait UIInterfaceOrientationLandscapeLeft UIInterfaceOrientationLandscapeRight";
				IPHONEOS_DEPLOYMENT_TARGET = 16.4;
				LD_RUNPATH_SEARCH_PATHS = "@executable_path/Frameworks";
				"LD_RUNPATH_SEARCH_PATHS[sdk=macosx*]" = "@executable_path/../Frameworks";
				MACOSX_DEPLOYMENT_TARGET = 13.3;
				MARKETING_VERSION = 1.0;
				PRODUCT_BUNDLE_IDENTIFIER = KinsuP.Trekker;
				PRODUCT_NAME = "$(TARGET_NAME)";
				SDKROOT = auto;
				SUPPORTED_PLATFORMS = "iphoneos iphonesimulator macosx";
				SWIFT_EMIT_LOC_STRINGS = YES;
				SWIFT_VERSION = 5.0;
				TARGETED_DEVICE_FAMILY = "1,2";
			};
			name = Debug;
		};
		A210B5582A41F32100F2601A /* Release */ = {
			isa = XCBuildConfiguration;
			buildSettings = {
				ASSETCATALOG_COMPILER_APPICON_NAME = AppIcon;
				ASSETCATALOG_COMPILER_GLOBAL_ACCENT_COLOR_NAME = AccentColor;
				CODE_SIGN_ENTITLEMENTS = Trekker/Trekker.entitlements;
				CODE_SIGN_STYLE = Automatic;
				CURRENT_PROJECT_VERSION = 1;
				DEVELOPMENT_ASSET_PATHS = "\"Trekker/Preview Content\"";
				DEVELOPMENT_TEAM = PR35N25U7U;
				ENABLE_HARDENED_RUNTIME = YES;
				ENABLE_PREVIEWS = YES;
				GENERATE_INFOPLIST_FILE = YES;
				"INFOPLIST_KEY_UIApplicationSceneManifest_Generation[sdk=iphoneos*]" = YES;
				"INFOPLIST_KEY_UIApplicationSceneManifest_Generation[sdk=iphonesimulator*]" = YES;
				"INFOPLIST_KEY_UIApplicationSupportsIndirectInputEvents[sdk=iphoneos*]" = YES;
				"INFOPLIST_KEY_UIApplicationSupportsIndirectInputEvents[sdk=iphonesimulator*]" = YES;
				"INFOPLIST_KEY_UILaunchScreen_Generation[sdk=iphoneos*]" = YES;
				"INFOPLIST_KEY_UILaunchScreen_Generation[sdk=iphonesimulator*]" = YES;
				"INFOPLIST_KEY_UIStatusBarStyle[sdk=iphoneos*]" = UIStatusBarStyleDefault;
				"INFOPLIST_KEY_UIStatusBarStyle[sdk=iphonesimulator*]" = UIStatusBarStyleDefault;
				INFOPLIST_KEY_UISupportedInterfaceOrientations_iPad = "UIInterfaceOrientationPortrait UIInterfaceOrientationPortraitUpsideDown UIInterfaceOrientationLandscapeLeft UIInterfaceOrientationLandscapeRight";
				INFOPLIST_KEY_UISupportedInterfaceOrientations_iPhone = "UIInterfaceOrientationPortrait UIInterfaceOrientationLandscapeLeft UIInterfaceOrientationLandscapeRight";
				IPHONEOS_DEPLOYMENT_TARGET = 16.4;
				LD_RUNPATH_SEARCH_PATHS = "@executable_path/Frameworks";
				"LD_RUNPATH_SEARCH_PATHS[sdk=macosx*]" = "@executable_path/../Frameworks";
				MACOSX_DEPLOYMENT_TARGET = 13.3;
				MARKETING_VERSION = 1.0;
				PRODUCT_BUNDLE_IDENTIFIER = KinsuP.Trekker;
				PRODUCT_NAME = "$(TARGET_NAME)";
				SDKROOT = auto;
				SUPPORTED_PLATFORMS = "iphoneos iphonesimulator macosx";
				SWIFT_EMIT_LOC_STRINGS = YES;
				SWIFT_VERSION = 5.0;
				TARGETED_DEVICE_FAMILY = "1,2";
			};
			name = Release;
		};
/* End XCBuildConfiguration section */

/* Begin XCConfigurationList section */
		A210B5422A41F31F00F2601A /* Build configuration list for PBXProject "Trekker" */ = {
			isa = XCConfigurationList;
			buildConfigurations = (
				A210B5542A41F32100F2601A /* Debug */,
				A210B5552A41F32100F2601A /* Release */,
			);
			defaultConfigurationIsVisible = 0;
			defaultConfigurationName = Release;
		};
		A210B5562A41F32100F2601A /* Build configuration list for PBXNativeTarget "Trekker" */ = {
			isa = XCConfigurationList;
			buildConfigurations = (
				A210B5572A41F32100F2601A /* Debug */,
				A210B5582A41F32100F2601A /* Release */,
			);
			defaultConfigurationIsVisible = 0;
			defaultConfigurationName = Release;
		};
/* End XCConfigurationList section */
	};
	rootObject = A210B53F2A41F31F00F2601A /* Project object */;
}
